
Microsoft Visual Studio Solution File, Format Version 12.00
# Visual Studio Version 17
VisualStudioVersion = 17.7.34221.43
MinimumVisualStudioVersion = 10.0.40219.1
Project("{FAE04EC0-301F-11D3-BF4B-00C04F79EFBC}") = "SaveFileDialogControl", "SaveFileDialogControl\SaveFileDialogControl.csproj", "{26777E4E-B970-4241-97BC-0A9ED0207E1D}"
EndProject
Global
	GlobalSection(SolutionConfigurationPlatforms) = preSolution
		Debug|Any CPU = Debug|Any CPU
		Release|Any CPU = Release|Any CPU
	EndGlobalSection
	GlobalSection(ProjectConfigurationPlatforms) = postSolution
		{26777E4E-B970-4241-97BC-0A9ED0207E1D}.Debug|Any CPU.ActiveCfg = Debug|Any CPU
		{26777E4E-B970-4241-97BC-0A9ED0207E1D}.Debug|Any CPU.Build.0 = Debug|Any CPU
		{26777E4E-B970-4241-97BC-0A9ED0207E1D}.Release|Any CPU.ActiveCfg = Release|Any CPU
		{26777E4E-B970-4241-97BC-0A9ED0207E1D}.Release|Any CPU.Build.0 = Release|Any CPU
	EndGlobalSection
	GlobalSection(SolutionProperties) = preSolution
		HideSolutionNode = FALSE
	EndGlobalSection
	GlobalSection(ExtensibilityGlobals) = postSolution
		SolutionGuid = {A6FBA1EE-AEA4-40D6-AFC0-708551D80FE1}
	EndGlobalSection
EndGlobal
